
Microsoft Visual Studio Solution File, Format Version 12.00
# Visual Studio for Mac
Project("{FAE04EC0-301F-11D3-BF4B-00C04F79EFBC}") = "Assembly-CSharp", "Assembly-CSharp.csproj", "{AEF9FF6F-7A1C-0284-E76D-C2B068D6C17F}"
EndProject
Project("{FAE04EC0-301F-11D3-BF4B-00C04F79EFBC}") = "Assembly-CSharp-Editor-firstpass", "Assembly-CSharp-Editor-firstpass.csproj", "{4976B9D7-B493-0E1A-ABC1-3C35F99BA0BD}"
EndProject
Global
	GlobalSection(SolutionConfigurationPlatforms) = preSolution
		Debug|Any CPU = Debug|Any CPU
		Release|Any CPU = Release|Any CPU
	EndGlobalSection
	GlobalSection(ProjectConfigurationPlatforms) = postSolution
		{AEF9FF6F-7A1C-0284-E76D-C2B068D6C17F}.Debug|Any CPU.ActiveCfg = Debug|Any CPU
		{AEF9FF6F-7A1C-0284-E76D-C2B068D6C17F}.Debug|Any CPU.Build.0 = Debug|Any CPU
		{AEF9FF6F-7A1C-0284-E76D-C2B068D6C17F}.Release|Any CPU.ActiveCfg = Release|Any CPU
		{AEF9FF6F-7A1C-0284-E76D-C2B068D6C17F}.Release|Any CPU.Build.0 = Release|Any CPU
		{4976B9D7-B493-0E1A-ABC1-3C35F99BA0BD}.Debug|Any CPU.ActiveCfg = Debug|Any CPU
		{4976B9D7-B493-0E1A-ABC1-3C35F99BA0BD}.Debug|Any CPU.Build.0 = Debug|Any CPU
		{4976B9D7-B493-0E1A-ABC1-3C35F99BA0BD}.Release|Any CPU.ActiveCfg = Release|Any CPU
		{4976B9D7-B493-0E1A-ABC1-3C35F99BA0BD}.Release|Any CPU.Build.0 = Release|Any CPU
	EndGlobalSection
	GlobalSection(SolutionProperties) = preSolution
		HideSolutionNode = FALSE
	EndGlobalSection
	GlobalSection(MonoDevelopProperties) = preSolution
		StartupItem = Assembly-CSharp.csproj
	EndGlobalSection
EndGlobal
